
Microsoft Visual Studio Solution File, Format Version 12.00
# Visual Studio Version 17
VisualStudioVersion = 17.8.34511.84
MinimumVisualStudioVersion = 10.0.40219.1
Project("{2150E333-8FDC-42A3-9474-1A3956D46DE8}") = "src", "src", "{6A8F1432-2125-4487-9E4C-5C7A35CA0733}"
EndProject
Project("{2150E333-8FDC-42A3-9474-1A3956D46DE8}") = "core", "core", "{A570BD05-C1C2-4212-A807-222D0B41264E}"
EndProject
Project("{2150E333-8FDC-42A3-9474-1A3956D46DE8}") = "project", "project", "{FDB1301A-5255-43F4-8EDC-2ACB7FB48DCF}"
EndProject
Project("{9A19103F-16F7-4668-BE54-9A1E7A4F7556}") = "EARepository.Abstractions", "src\core\EARepository.Abstractions\EARepository.Abstractions.csproj", "{7A55DDAA-C4F3-4344-B2B0-8CCE34F60346}"
EndProject
Project("{9A19103F-16F7-4668-BE54-9A1E7A4F7556}") = "EARepository.Generic", "src\core\EARepository.Generic\EARepository.Generic.csproj", "{F7D60DC2-DFBF-4556-B90D-BE310242D762}"
EndProject
Project("{9A19103F-16F7-4668-BE54-9A1E7A4F7556}") = "EARepository.Specification", "src\core\EARepository.Specification\EARepository.Specification.csproj", "{7678EAF7-77FA-4AF0-8207-9463592C804B}"
EndProject
Project("{9A19103F-16F7-4668-BE54-9A1E7A4F7556}") = "EAWebAPI", "src\project\EAWebAPI\EAWebAPI.csproj", "{A8521AFE-7347-4220-9A46-DD241C19B5FA}"
EndProject
Project("{9A19103F-16F7-4668-BE54-9A1E7A4F7556}") = "EACrossCuttingConcerns.Exception", "src\core\EACrossCuttingConcerns.Exception\EACrossCuttingConcerns.Exception.csproj", "{287CA5C4-E98C-4D95-B03F-877FACF5102F}"
EndProject
Project("{9A19103F-16F7-4668-BE54-9A1E7A4F7556}") = "EADataBase", "src\project\EADataBase\EADataBase.csproj", "{8369E646-CB7A-4A16-B853-4BDA1E119E23}"
EndProject
Project("{9A19103F-16F7-4668-BE54-9A1E7A4F7556}") = "EADomain", "src\project\EADomain\EADomain.csproj", "{09905AAC-C648-45C0-8853-218924F46F78}"
EndProject
Project("{9A19103F-16F7-4668-BE54-9A1E7A4F7556}") = "EAService", "src\project\EAService\EAService.csproj", "{CEE0A30C-6858-402A-A442-A74246892643}"
EndProject
Project("{9A19103F-16F7-4668-BE54-9A1E7A4F7556}") = "EASecurity.Authorization", "src\core\EASecurity.Authorization\EASecurity.Authorization.csproj", "{EF13CC36-C60F-45E0-B04B-071FA2D69337}"
EndProject
Project("{FAE04EC0-301F-11D3-BF4B-00C04F79EFBC}") = "EACrossCuttingConcerns.ExceptionLogging", "src\core\EACrossCuttingConcerns.ExceptionLog\EACrossCuttingConcerns.ExceptionLogging.csproj", "{478D9A10-185F-4FA7-899C-88F122CA4B21}"
EndProject
Project("{FAE04EC0-301F-11D3-BF4B-00C04F79EFBC}") = "EAApplication", "src\project\EAApplication\EAApplication.csproj", "{9C064872-0942-4809-9CBA-0FC0D7BA9F68}"
EndProject
Global
	GlobalSection(SolutionConfigurationPlatforms) = preSolution
		Debug|Any CPU = Debug|Any CPU
		Release|Any CPU = Release|Any CPU
	EndGlobalSection
	GlobalSection(ProjectConfigurationPlatforms) = postSolution
		{7A55DDAA-C4F3-4344-B2B0-8CCE34F60346}.Debug|Any CPU.ActiveCfg = Debug|Any CPU
		{7A55DDAA-C4F3-4344-B2B0-8CCE34F60346}.Debug|Any CPU.Build.0 = Debug|Any CPU
		{7A55DDAA-C4F3-4344-B2B0-8CCE34F60346}.Release|Any CPU.ActiveCfg = Release|Any CPU
		{7A55DDAA-C4F3-4344-B2B0-8CCE34F60346}.Release|Any CPU.Build.0 = Release|Any CPU
		{F7D60DC2-DFBF-4556-B90D-BE310242D762}.Debug|Any CPU.ActiveCfg = Debug|Any CPU
		{F7D60DC2-DFBF-4556-B90D-BE310242D762}.Debug|Any CPU.Build.0 = Debug|Any CPU
		{F7D60DC2-DFBF-4556-B90D-BE310242D762}.Release|Any CPU.ActiveCfg = Release|Any CPU
		{F7D60DC2-DFBF-4556-B90D-BE310242D762}.Release|Any CPU.Build.0 = Release|Any CPU
		{7678EAF7-77FA-4AF0-8207-9463592C804B}.Debug|Any CPU.ActiveCfg = Debug|Any CPU
		{7678EAF7-77FA-4AF0-8207-9463592C804B}.Debug|Any CPU.Build.0 = Debug|Any CPU
		{7678EAF7-77FA-4AF0-8207-9463592C804B}.Release|Any CPU.ActiveCfg = Release|Any CPU
		{7678EAF7-77FA-4AF0-8207-9463592C804B}.Release|Any CPU.Build.0 = Release|Any CPU
		{A8521AFE-7347-4220-9A46-DD241C19B5FA}.Debug|Any CPU.ActiveCfg = Debug|Any CPU
		{A8521AFE-7347-4220-9A46-DD241C19B5FA}.Debug|Any CPU.Build.0 = Debug|Any CPU
		{A8521AFE-7347-4220-9A46-DD241C19B5FA}.Release|Any CPU.ActiveCfg = Release|Any CPU
		{A8521AFE-7347-4220-9A46-DD241C19B5FA}.Release|Any CPU.Build.0 = Release|Any CPU
		{287CA5C4-E98C-4D95-B03F-877FACF5102F}.Debug|Any CPU.ActiveCfg = Debug|Any CPU
		{287CA5C4-E98C-4D95-B03F-877FACF5102F}.Debug|Any CPU.Build.0 = Debug|Any CPU
		{287CA5C4-E98C-4D95-B03F-877FACF5102F}.Release|Any CPU.ActiveCfg = Release|Any CPU
		{287CA5C4-E98C-4D95-B03F-877FACF5102F}.Release|Any CPU.Build.0 = Release|Any CPU
		{8369E646-CB7A-4A16-B853-4BDA1E119E23}.Debug|Any CPU.ActiveCfg = Debug|Any CPU
		{8369E646-CB7A-4A16-B853-4BDA1E119E23}.Debug|Any CPU.Build.0 = Debug|Any CPU
		{8369E646-CB7A-4A16-B853-4BDA1E119E23}.Release|Any CPU.ActiveCfg = Release|Any CPU
		{8369E646-CB7A-4A16-B853-4BDA1E119E23}.Release|Any CPU.Build.0 = Release|Any CPU
		{09905AAC-C648-45C0-8853-218924F46F78}.Debug|Any CPU.ActiveCfg = Debug|Any CPU
		{09905AAC-C648-45C0-8853-218924F46F78}.Debug|Any CPU.Build.0 = Debug|Any CPU
		{09905AAC-C648-45C0-8853-218924F46F78}.Release|Any CPU.ActiveCfg = Release|Any CPU
		{09905AAC-C648-45C0-8853-218924F46F78}.Release|Any CPU.Build.0 = Release|Any CPU
		{CEE0A30C-6858-402A-A442-A74246892643}.Debug|Any CPU.ActiveCfg = Debug|Any CPU
		{CEE0A30C-6858-402A-A442-A74246892643}.Debug|Any CPU.Build.0 = Debug|Any CPU
		{CEE0A30C-6858-402A-A442-A74246892643}.Release|Any CPU.ActiveCfg = Release|Any CPU
		{CEE0A30C-6858-402A-A442-A74246892643}.Release|Any CPU.Build.0 = Release|Any CPU
		{EF13CC36-C60F-45E0-B04B-071FA2D69337}.Debug|Any CPU.ActiveCfg = Debug|Any CPU
		{EF13CC36-C60F-45E0-B04B-071FA2D69337}.Debug|Any CPU.Build.0 = Debug|Any CPU
		{EF13CC36-C60F-45E0-B04B-071FA2D69337}.Release|Any CPU.ActiveCfg = Release|Any CPU
		{EF13CC36-C60F-45E0-B04B-071FA2D69337}.Release|Any CPU.Build.0 = Release|Any CPU
		{478D9A10-185F-4FA7-899C-88F122CA4B21}.Debug|Any CPU.ActiveCfg = Debug|Any CPU
		{478D9A10-185F-4FA7-899C-88F122CA4B21}.Debug|Any CPU.Build.0 = Debug|Any CPU
		{478D9A10-185F-4FA7-899C-88F122CA4B21}.Release|Any CPU.ActiveCfg = Release|Any CPU
		{478D9A10-185F-4FA7-899C-88F122CA4B21}.Release|Any CPU.Build.0 = Release|Any CPU
		{9C064872-0942-4809-9CBA-0FC0D7BA9F68}.Debug|Any CPU.ActiveCfg = Debug|Any CPU
		{9C064872-0942-4809-9CBA-0FC0D7BA9F68}.Debug|Any CPU.Build.0 = Debug|Any CPU
		{9C064872-0942-4809-9CBA-0FC0D7BA9F68}.Release|Any CPU.ActiveCfg = Release|Any CPU
		{9C064872-0942-4809-9CBA-0FC0D7BA9F68}.Release|Any CPU.Build.0 = Release|Any CPU
	EndGlobalSection
	GlobalSection(SolutionProperties) = preSolution
		HideSolutionNode = FALSE
	EndGlobalSection
	GlobalSection(NestedProjects) = preSolution
		{A570BD05-C1C2-4212-A807-222D0B41264E} = {6A8F1432-2125-4487-9E4C-5C7A35CA0733}
		{FDB1301A-5255-43F4-8EDC-2ACB7FB48DCF} = {6A8F1432-2125-4487-9E4C-5C7A35CA0733}
		{7A55DDAA-C4F3-4344-B2B0-8CCE34F60346} = {A570BD05-C1C2-4212-A807-222D0B41264E}
		{F7D60DC2-DFBF-4556-B90D-BE310242D762} = {A570BD05-C1C2-4212-A807-222D0B41264E}
		{7678EAF7-77FA-4AF0-8207-9463592C804B} = {A570BD05-C1C2-4212-A807-222D0B41264E}
		{A8521AFE-7347-4220-9A46-DD241C19B5FA} = {FDB1301A-5255-43F4-8EDC-2ACB7FB48DCF}
		{287CA5C4-E98C-4D95-B03F-877FACF5102F} = {A570BD05-C1C2-4212-A807-222D0B41264E}
		{8369E646-CB7A-4A16-B853-4BDA1E119E23} = {FDB1301A-5255-43F4-8EDC-2ACB7FB48DCF}
		{09905AAC-C648-45C0-8853-218924F46F78} = {FDB1301A-5255-43F4-8EDC-2ACB7FB48DCF}
		{CEE0A30C-6858-402A-A442-A74246892643} = {FDB1301A-5255-43F4-8EDC-2ACB7FB48DCF}
		{EF13CC36-C60F-45E0-B04B-071FA2D69337} = {A570BD05-C1C2-4212-A807-222D0B41264E}
		{478D9A10-185F-4FA7-899C-88F122CA4B21} = {A570BD05-C1C2-4212-A807-222D0B41264E}
		{9C064872-0942-4809-9CBA-0FC0D7BA9F68} = {FDB1301A-5255-43F4-8EDC-2ACB7FB48DCF}
	EndGlobalSection
	GlobalSection(ExtensibilityGlobals) = postSolution
		SolutionGuid = {3B31340F-6AA3-48AE-B348-6D53497EDA2F}
	EndGlobalSection
EndGlobal
